// !$*UTF8*$!
{
	archiveVersion = 1;
	classes = {
	};
	objectVersion = 55;
	objects = {

/* Begin PBXBuildFile section */
		54C524B6287729A8007C4CAB /* CryptOSApp.swift in Sources */ = {isa = PBXBuildFile; fileRef = 54C524B5287729A8007C4CAB /* CryptOSApp.swift */; };
		54C524B8287729A8007C4CAB /* ContentView.swift in Sources */ = {isa = PBXBuildFile; fileRef = 54C524B7287729A8007C4CAB /* ContentView.swift */; };
		54C524BA287729AB007C4CAB /* Assets.xcassets in Resources */ = {isa = PBXBuildFile; fileRef = 54C524B9287729AB007C4CAB /* Assets.xcassets */; };
		54C524BD287729AB007C4CAB /* Preview Assets.xcassets in Resources */ = {isa = PBXBuildFile; fileRef = 54C524BC287729AB007C4CAB /* Preview Assets.xcassets */; };
		54C524C7287729AB007C4CAB /* CryptOSTests.swift in Sources */ = {isa = PBXBuildFile; fileRef = 54C524C6287729AB007C4CAB /* CryptOSTests.swift */; };
		54C524D1287729AB007C4CAB /* CryptOSUITests.swift in Sources */ = {isa = PBXBuildFile; fileRef = 54C524D0287729AB007C4CAB /* CryptOSUITests.swift */; };
		54C524D3287729AB007C4CAB /* CryptOSUITestsLaunchTests.swift in Sources */ = {isa = PBXBuildFile; fileRef = 54C524D2287729AB007C4CAB /* CryptOSUITestsLaunchTests.swift */; };
		54C524E0287729FE007C4CAB /* Crypto.swift in Sources */ = {isa = PBXBuildFile; fileRef = 54C524DF287729FE007C4CAB /* Crypto.swift */; };
		54C524E328772E7A007C4CAB /* ApiManager.swift in Sources */ = {isa = PBXBuildFile; fileRef = 54C524E228772E7A007C4CAB /* ApiManager.swift */; };
		54D066A02879D2C900228C96 /* DetailsView.swift in Sources */ = {isa = PBXBuildFile; fileRef = 54D0669F2879D2C900228C96 /* DetailsView.swift */; };
		54D066A2287B4F1000228C96 /* Extensions.swift in Sources */ = {isa = PBXBuildFile; fileRef = 54D066A1287B4F1000228C96 /* Extensions.swift */; };
/* End PBXBuildFile section */

/* Begin PBXContainerItemProxy section */
		54C524C3287729AB007C4CAB /* PBXContainerItemProxy */ = {
			isa = PBXContainerItemProxy;
			containerPortal = 54C524AA287729A7007C4CAB /* Project object */;
			proxyType = 1;
			remoteGlobalIDString = 54C524B1287729A8007C4CAB;
			remoteInfo = CryptOS;
		};
		54C524CD287729AB007C4CAB /* PBXContainerItemProxy */ = {
			isa = PBXContainerItemProxy;
			containerPortal = 54C524AA287729A7007C4CAB /* Project object */;
			proxyType = 1;
			remoteGlobalIDString = 54C524B1287729A8007C4CAB;
			remoteInfo = CryptOS;
		};
/* End PBXContainerItemProxy section */

/* Begin PBXFileReference section */
		54C524B2287729A8007C4CAB /* CryptOS.app */ = {isa = PBXFileReference; explicitFileType = wrapper.application; includeInIndex = 0; path = CryptOS.app; sourceTree = BUILT_PRODUCTS_DIR; };
		54C524B5287729A8007C4CAB /* CryptOSApp.swift */ = {isa = PBXFileReference; lastKnownFileType = sourcecode.swift; path = CryptOSApp.swift; sourceTree = "<group>"; };
		54C524B7287729A8007C4CAB /* ContentView.swift */ = {isa = PBXFileReference; lastKnownFileType = sourcecode.swift; path = ContentView.swift; sourceTree = "<group>"; };
		54C524B9287729AB007C4CAB /* Assets.xcassets */ = {isa = PBXFileReference; lastKnownFileType = folder.assetcatalog; path = Assets.xcassets; sourceTree = "<group>"; };
		54C524BC287729AB007C4CAB /* Preview Assets.xcassets */ = {isa = PBXFileReference; lastKnownFileType = folder.assetcatalog; path = "Preview Assets.xcassets"; sourceTree = "<group>"; };
		54C524C2287729AB007C4CAB /* CryptOSTests.xctest */ = {isa = PBXFileReference; explicitFileType = wrapper.cfbundle; includeInIndex = 0; path = CryptOSTests.xctest; sourceTree = BUILT_PRODUCTS_DIR; };
		54C524C6287729AB007C4CAB /* CryptOSTests.swift */ = {isa = PBXFileReference; lastKnownFileType = sourcecode.swift; path = CryptOSTests.swift; sourceTree = "<group>"; };
		54C524CC287729AB007C4CAB /* CryptOSUITests.xctest */ = {isa = PBXFileReference; explicitFileType = wrapper.cfbundle; includeInIndex = 0; path = CryptOSUITests.xctest; sourceTree = BUILT_PRODUCTS_DIR; };
		54C524D0287729AB007C4CAB /* CryptOSUITests.swift */ = {isa = PBXFileReference; lastKnownFileType = sourcecode.swift; path = CryptOSUITests.swift; sourceTree = "<group>"; };
		54C524D2287729AB007C4CAB /* CryptOSUITestsLaunchTests.swift */ = {isa = PBXFileReference; lastKnownFileType = sourcecode.swift; path = CryptOSUITestsLaunchTests.swift; sourceTree = "<group>"; };
		54C524DF287729FE007C4CAB /* Crypto.swift */ = {isa = PBXFileReference; lastKnownFileType = sourcecode.swift; path = Crypto.swift; sourceTree = "<group>"; };
		54C524E228772E7A007C4CAB /* ApiManager.swift */ = {isa = PBXFileReference; lastKnownFileType = sourcecode.swift; path = ApiManager.swift; sourceTree = "<group>"; };
		54D0669F2879D2C900228C96 /* DetailsView.swift */ = {isa = PBXFileReference; lastKnownFileType = sourcecode.swift; path = DetailsView.swift; sourceTree = "<group>"; };
		54D066A1287B4F1000228C96 /* Extensions.swift */ = {isa = PBXFileReference; lastKnownFileType = sourcecode.swift; path = Extensions.swift; sourceTree = "<group>"; };
/* End PBXFileReference section */

/* Begin PBXFrameworksBuildPhase section */
		54C524AF287729A8007C4CAB /* Frameworks */ = {
			isa = PBXFrameworksBuildPhase;
			buildActionMask = 2147483647;
			files = (
			);
			runOnlyForDeploymentPostprocessing = 0;
		};
		54C524BF287729AB007C4CAB /* Frameworks */ = {
			isa = PBXFrameworksBuildPhase;
			buildActionMask = 2147483647;
			files = (
			);
			runOnlyForDeploymentPostprocessing = 0;
		};
		54C524C9287729AB007C4CAB /* Frameworks */ = {
			isa = PBXFrameworksBuildPhase;
			buildActionMask = 2147483647;
			files = (
			);
			runOnlyForDeploymentPostprocessing = 0;
		};
/* End PBXFrameworksBuildPhase section */

/* Begin PBXGroup section */
		54C524A9287729A7007C4CAB = {
			isa = PBXGroup;
			children = (
				54C524B4287729A8007C4CAB /* CryptOS */,
				54C524C5287729AB007C4CAB /* CryptOSTests */,
				54C524CF287729AB007C4CAB /* CryptOSUITests */,
				54C524B3287729A8007C4CAB /* Products */,
			);
			sourceTree = "<group>";
		};
		54C524B3287729A8007C4CAB /* Products */ = {
			isa = PBXGroup;
			children = (
				54C524B2287729A8007C4CAB /* CryptOS.app */,
				54C524C2287729AB007C4CAB /* CryptOSTests.xctest */,
				54C524CC287729AB007C4CAB /* CryptOSUITests.xctest */,
			);
			name = Products;
			sourceTree = "<group>";
		};
		54C524B4287729A8007C4CAB /* CryptOS */ = {
			isa = PBXGroup;
			children = (
				54C524B5287729A8007C4CAB /* CryptOSApp.swift */,
				54C524E128772A07007C4CAB /* Model */,
				54D066A3287C474A00228C96 /* View */,
				54D066A4287C478F00228C96 /* Helper */,
				54C524B9287729AB007C4CAB /* Assets.xcassets */,
				54C524BB287729AB007C4CAB /* Preview Content */,
			);
			path = CryptOS;
			sourceTree = "<group>";
		};
		54C524BB287729AB007C4CAB /* Preview Content */ = {
			isa = PBXGroup;
			children = (
				54C524BC287729AB007C4CAB /* Preview Assets.xcassets */,
			);
			path = "Preview Content";
			sourceTree = "<group>";
		};
		54C524C5287729AB007C4CAB /* CryptOSTests */ = {
			isa = PBXGroup;
			children = (
				54C524C6287729AB007C4CAB /* CryptOSTests.swift */,
			);
			path = CryptOSTests;
			sourceTree = "<group>";
		};
		54C524CF287729AB007C4CAB /* CryptOSUITests */ = {
			isa = PBXGroup;
			children = (
				54C524D0287729AB007C4CAB /* CryptOSUITests.swift */,
				54C524D2287729AB007C4CAB /* CryptOSUITestsLaunchTests.swift */,
			);
			path = CryptOSUITests;
			sourceTree = "<group>";
		};
		54C524E128772A07007C4CAB /* Model */ = {
			isa = PBXGroup;
			children = (
				54C524DF287729FE007C4CAB /* Crypto.swift */,
			);
			path = Model;
			sourceTree = "<group>";
		};
		54D066A3287C474A00228C96 /* View */ = {
			isa = PBXGroup;
			children = (
				54C524B7287729A8007C4CAB /* ContentView.swift */,
				54D0669F2879D2C900228C96 /* DetailsView.swift */,
			);
			path = View;
			sourceTree = "<group>";
		};
		54D066A4287C478F00228C96 /* Helper */ = {
			isa = PBXGroup;
			children = (
				54C524E228772E7A007C4CAB /* ApiManager.swift */,
				54D066A1287B4F1000228C96 /* Extensions.swift */,
			);
			path = Helper;
			sourceTree = "<group>";
		};
/* End PBXGroup section */

/* Begin PBXNativeTarget section */
		54C524B1287729A8007C4CAB /* CryptOS */ = {
			isa = PBXNativeTarget;
			buildConfigurationList = 54C524D6287729AB007C4CAB /* Build configuration list for PBXNativeTarget "CryptOS" */;
			buildPhases = (
				54C524AE287729A8007C4CAB /* Sources */,
				54C524AF287729A8007C4CAB /* Frameworks */,
				54C524B0287729A8007C4CAB /* Resources */,
			);
			buildRules = (
			);
			dependencies = (
			);
			name = CryptOS;
			productName = CryptOS;
			productReference = 54C524B2287729A8007C4CAB /* CryptOS.app */;
			productType = "com.apple.product-type.application";
		};
		54C524C1287729AB007C4CAB /* CryptOSTests */ = {
			isa = PBXNativeTarget;
			buildConfigurationList = 54C524D9287729AB007C4CAB /* Build configuration list for PBXNativeTarget "CryptOSTests" */;
			buildPhases = (
				54C524BE287729AB007C4CAB /* Sources */,
				54C524BF287729AB007C4CAB /* Frameworks */,
				54C524C0287729AB007C4CAB /* Resources */,
			);
			buildRules = (
			);
			dependencies = (
				54C524C4287729AB007C4CAB /* PBXTargetDependency */,
			);
			name = CryptOSTests;
			productName = CryptOSTests;
			productReference = 54C524C2287729AB007C4CAB /* CryptOSTests.xctest */;
			productType = "com.apple.product-type.bundle.unit-test";
		};
		54C524CB287729AB007C4CAB /* CryptOSUITests */ = {
			isa = PBXNativeTarget;
			buildConfigurationList = 54C524DC287729AB007C4CAB /* Build configuration list for PBXNativeTarget "CryptOSUITests" */;
			buildPhases = (
				54C524C8287729AB007C4CAB /* Sources */,
				54C524C9287729AB007C4CAB /* Frameworks */,
				54C524CA287729AB007C4CAB /* Resources */,
			);
			buildRules = (
			);
			dependencies = (
				54C524CE287729AB007C4CAB /* PBXTargetDependency */,
			);
			name = CryptOSUITests;
			productName = CryptOSUITests;
			productReference = 54C524CC287729AB007C4CAB /* CryptOSUITests.xctest */;
			productType = "com.apple.product-type.bundle.ui-testing";
		};
/* End PBXNativeTarget section */

/* Begin PBXProject section */
		54C524AA287729A7007C4CAB /* Project object */ = {
			isa = PBXProject;
			attributes = {
				BuildIndependentTargetsInParallel = 1;
				LastSwiftUpdateCheck = 1340;
				LastUpgradeCheck = 1340;
				TargetAttributes = {
					54C524B1287729A8007C4CAB = {
						CreatedOnToolsVersion = 13.4.1;
					};
					54C524C1287729AB007C4CAB = {
						CreatedOnToolsVersion = 13.4.1;
						TestTargetID = 54C524B1287729A8007C4CAB;
					};
					54C524CB287729AB007C4CAB = {
						CreatedOnToolsVersion = 13.4.1;
						TestTargetID = 54C524B1287729A8007C4CAB;
					};
				};
			};
			buildConfigurationList = 54C524AD287729A7007C4CAB /* Build configuration list for PBXProject "CryptOS" */;
			compatibilityVersion = "Xcode 13.0";
			developmentRegion = en;
			hasScannedForEncodings = 0;
			knownRegions = (
				en,
				Base,
			);
			mainGroup = 54C524A9287729A7007C4CAB;
			productRefGroup = 54C524B3287729A8007C4CAB /* Products */;
			projectDirPath = "";
			projectRoot = "";
			targets = (
				54C524B1287729A8007C4CAB /* CryptOS */,
				54C524C1287729AB007C4CAB /* CryptOSTests */,
				54C524CB287729AB007C4CAB /* CryptOSUITests */,
			);
		};
/* End PBXProject section */

/* Begin PBXResourcesBuildPhase section */
		54C524B0287729A8007C4CAB /* Resources */ = {
			isa = PBXResourcesBuildPhase;
			buildActionMask = 2147483647;
			files = (
				54C524BD287729AB007C4CAB /* Preview Assets.xcassets in Resources */,
				54C524BA287729AB007C4CAB /* Assets.xcassets in Resources */,
			);
			runOnlyForDeploymentPostprocessing = 0;
		};
		54C524C0287729AB007C4CAB /* Resources */ = {
			isa = PBXResourcesBuildPhase;
			buildActionMask = 2147483647;
			files = (
			);
			runOnlyForDeploymentPostprocessing = 0;
		};
		54C524CA287729AB007C4CAB /* Resources */ = {
			isa = PBXResourcesBuildPhase;
			buildActionMask = 2147483647;
			files = (
			);
			runOnlyForDeploymentPostprocessing = 0;
		};
/* End PBXResourcesBuildPhase section */

/* Begin PBXSourcesBuildPhase section */
		54C524AE287729A8007C4CAB /* Sources */ = {
			isa = PBXSourcesBuildPhase;
			buildActionMask = 2147483647;
			files = (
				54C524E328772E7A007C4CAB /* ApiManager.swift in Sources */,
				54D066A2287B4F1000228C96 /* Extensions.swift in Sources */,
				54D066A02879D2C900228C96 /* DetailsView.swift in Sources */,
				54C524E0287729FE007C4CAB /* Crypto.swift in Sources */,
				54C524B8287729A8007C4CAB /* ContentView.swift in Sources */,
				54C524B6287729A8007C4CAB /* CryptOSApp.swift in Sources */,
			);
			runOnlyForDeploymentPostprocessing = 0;
		};
		54C524BE287729AB007C4CAB /* Sources */ = {
			isa = PBXSourcesBuildPhase;
			buildActionMask = 2147483647;
			files = (
				54C524C7287729AB007C4CAB /* CryptOSTests.swift in Sources */,
			);
			runOnlyForDeploymentPostprocessing = 0;
		};
		54C524C8287729AB007C4CAB /* Sources */ = {
			isa = PBXSourcesBuildPhase;
			buildActionMask = 2147483647;
			files = (
				54C524D1287729AB007C4CAB /* CryptOSUITests.swift in Sources */,
				54C524D3287729AB007C4CAB /* CryptOSUITestsLaunchTests.swift in Sources */,
			);
			runOnlyForDeploymentPostprocessing = 0;
		};
/* End PBXSourcesBuildPhase section */

/* Begin PBXTargetDependency section */
		54C524C4287729AB007C4CAB /* PBXTargetDependency */ = {
			isa = PBXTargetDependency;
			target = 54C524B1287729A8007C4CAB /* CryptOS */;
			targetProxy = 54C524C3287729AB007C4CAB /* PBXContainerItemProxy */;
		};
		54C524CE287729AB007C4CAB /* PBXTargetDependency */ = {
			isa = PBXTargetDependency;
			target = 54C524B1287729A8007C4CAB /* CryptOS */;
			targetProxy = 54C524CD287729AB007C4CAB /* PBXContainerItemProxy */;
		};
/* End PBXTargetDependency section */

/* Begin XCBuildConfiguration section */
		54C524D4287729AB007C4CAB /* Debug */ = {
			isa = XCBuildConfiguration;
			buildSettings = {
				ALWAYS_SEARCH_USER_PATHS = NO;
				CLANG_ANALYZER_NONNULL = YES;
				CLANG_ANALYZER_NUMBER_OBJECT_CONVERSION = YES_AGGRESSIVE;
				CLANG_CXX_LANGUAGE_STANDARD = "gnu++17";
				CLANG_ENABLE_MODULES = YES;
				CLANG_ENABLE_OBJC_ARC = YES;
				CLANG_ENABLE_OBJC_WEAK = YES;
				CLANG_WARN_BLOCK_CAPTURE_AUTORELEASING = YES;
				CLANG_WARN_BOOL_CONVERSION = YES;
				CLANG_WARN_COMMA = YES;
				CLANG_WARN_CONSTANT_CONVERSION = YES;
				CLANG_WARN_DEPRECATED_OBJC_IMPLEMENTATIONS = YES;
				CLANG_WARN_DIRECT_OBJC_ISA_USAGE = YES_ERROR;
				CLANG_WARN_DOCUMENTATION_COMMENTS = YES;
				CLANG_WARN_EMPTY_BODY = YES;
				CLANG_WARN_ENUM_CONVERSION = YES;
				CLANG_WARN_INFINITE_RECURSION = YES;
				CLANG_WARN_INT_CONVERSION = YES;
				CLANG_WARN_NON_LITERAL_NULL_CONVERSION = YES;
				CLANG_WARN_OBJC_IMPLICIT_RETAIN_SELF = YES;
				CLANG_WARN_OBJC_LITERAL_CONVERSION = YES;
				CLANG_WARN_OBJC_ROOT_CLASS = YES_ERROR;
				CLANG_WARN_QUOTED_INCLUDE_IN_FRAMEWORK_HEADER = YES;
				CLANG_WARN_RANGE_LOOP_ANALYSIS = YES;
				CLANG_WARN_STRICT_PROTOTYPES = YES;
				CLANG_WARN_SUSPICIOUS_MOVE = YES;
				CLANG_WARN_UNGUARDED_AVAILABILITY = YES_AGGRESSIVE;
				CLANG_WARN_UNREACHABLE_CODE = YES;
				CLANG_WARN__DUPLICATE_METHOD_MATCH = YES;
				COPY_PHASE_STRIP = NO;
				DEBUG_INFORMATION_FORMAT = dwarf;
				ENABLE_STRICT_OBJC_MSGSEND = YES;
				ENABLE_TESTABILITY = YES;
				GCC_C_LANGUAGE_STANDARD = gnu11;
				GCC_DYNAMIC_NO_PIC = NO;
				GCC_NO_COMMON_BLOCKS = YES;
				GCC_OPTIMIZATION_LEVEL = 0;
				GCC_PREPROCESSOR_DEFINITIONS = (
					"DEBUG=1",
					"$(inherited)",
				);
				GCC_WARN_64_TO_32_BIT_CONVERSION = YES;
				GCC_WARN_ABOUT_RETURN_TYPE = YES_ERROR;
				GCC_WARN_UNDECLARED_SELECTOR = YES;
				GCC_WARN_UNINITIALIZED_AUTOS = YES_AGGRESSIVE;
				GCC_WARN_UNUSED_FUNCTION = YES;
				GCC_WARN_UNUSED_VARIABLE = YES;
				IPHONEOS_DEPLOYMENT_TARGET = 15.5;
				MTL_ENABLE_DEBUG_INFO = INCLUDE_SOURCE;
				MTL_FAST_MATH = YES;
				ONLY_ACTIVE_ARCH = YES;
				SDKROOT = iphoneos;
				SWIFT_ACTIVE_COMPILATION_CONDITIONS = DEBUG;
				SWIFT_OPTIMIZATION_LEVEL = "-Onone";
			};
			name = Debug;
		};
		54C524D5287729AB007C4CAB /* Release */ = {
			isa = XCBuildConfiguration;
			buildSettings = {
				ALWAYS_SEARCH_USER_PATHS = NO;
				CLANG_ANALYZER_NONNULL = YES;
				CLANG_ANALYZER_NUMBER_OBJECT_CONVERSION = YES_AGGRESSIVE;
				CLANG_CXX_LANGUAGE_STANDARD = "gnu++17";
				CLANG_ENABLE_MODULES = YES;
				CLANG_ENABLE_OBJC_ARC = YES;
				CLANG_ENABLE_OBJC_WEAK = YES;
				CLANG_WARN_BLOCK_CAPTURE_AUTORELEASING = YES;
				CLANG_WARN_BOOL_CONVERSION = YES;
				CLANG_WARN_COMMA = YES;
				CLANG_WARN_CONSTANT_CONVERSION = YES;
				CLANG_WARN_DEPRECATED_OBJC_IMPLEMENTATIONS = YES;
				CLANG_WARN_DIRECT_OBJC_ISA_USAGE = YES_ERROR;
				CLANG_WARN_DOCUMENTATION_COMMENTS = YES;
				CLANG_WARN_EMPTY_BODY = YES;
				CLANG_WARN_ENUM_CONVERSION = YES;
				CLANG_WARN_INFINITE_RECURSION = YES;
				CLANG_WARN_INT_CONVERSION = YES;
				CLANG_WARN_NON_LITERAL_NULL_CONVERSION = YES;
				CLANG_WARN_OBJC_IMPLICIT_RETAIN_SELF = YES;
				CLANG_WARN_OBJC_LITERAL_CONVERSION = YES;
				CLANG_WARN_OBJC_ROOT_CLASS = YES_ERROR;
				CLANG_WARN_QUOTED_INCLUDE_IN_FRAMEWORK_HEADER = YES;
				CLANG_WARN_RANGE_LOOP_ANALYSIS = YES;
				CLANG_WARN_STRICT_PROTOTYPES = YES;
				CLANG_WARN_SUSPICIOUS_MOVE = YES;
				CLANG_WARN_UNGUARDED_AVAILABILITY = YES_AGGRESSIVE;
				CLANG_WARN_UNREACHABLE_CODE = YES;
				CLANG_WARN__DUPLICATE_METHOD_MATCH = YES;
				COPY_PHASE_STRIP = NO;
				DEBUG_INFORMATION_FORMAT = "dwarf-with-dsym";
				ENABLE_NS_ASSERTIONS = NO;
				ENABLE_STRICT_OBJC_MSGSEND = YES;
				GCC_C_LANGUAGE_STANDARD = gnu11;
				GCC_NO_COMMON_BLOCKS = YES;
				GCC_WARN_64_TO_32_BIT_CONVERSION = YES;
				GCC_WARN_ABOUT_RETURN_TYPE = YES_ERROR;
				GCC_WARN_UNDECLARED_SELECTOR = YES;
				GCC_WARN_UNINITIALIZED_AUTOS = YES_AGGRESSIVE;
				GCC_WARN_UNUSED_FUNCTION = YES;
				GCC_WARN_UNUSED_VARIABLE = YES;
				IPHONEOS_DEPLOYMENT_TARGET = 15.5;
				MTL_ENABLE_DEBUG_INFO = NO;
				MTL_FAST_MATH = YES;
				SDKROOT = iphoneos;
				SWIFT_COMPILATION_MODE = wholemodule;
				SWIFT_OPTIMIZATION_LEVEL = "-O";
				VALIDATE_PRODUCT = YES;
			};
			name = Release;
		};
		54C524D7287729AB007C4CAB /* Debug */ = {
			isa = XCBuildConfiguration;
			buildSettings = {
				ASSETCATALOG_COMPILER_APPICON_NAME = AppIcon;
				ASSETCATALOG_COMPILER_GLOBAL_ACCENT_COLOR_NAME = AccentColor;
				CODE_SIGN_STYLE = Automatic;
				CURRENT_PROJECT_VERSION = 1;
				DEVELOPMENT_ASSET_PATHS = "\"CryptOS/Preview Content\"";
				DEVELOPMENT_TEAM = 3C6AZK257V;
				ENABLE_PREVIEWS = YES;
				GENERATE_INFOPLIST_FILE = YES;
				INFOPLIST_KEY_UIApplicationSceneManifest_Generation = YES;
				INFOPLIST_KEY_UIApplicationSupportsIndirectInputEvents = YES;
				INFOPLIST_KEY_UILaunchScreen_Generation = YES;
				INFOPLIST_KEY_UISupportedInterfaceOrientations_iPad = "UIInterfaceOrientationPortrait UIInterfaceOrientationPortraitUpsideDown UIInterfaceOrientationLandscapeLeft UIInterfaceOrientationLandscapeRight";
				INFOPLIST_KEY_UISupportedInterfaceOrientations_iPhone = "UIInterfaceOrientationPortrait UIInterfaceOrientationLandscapeLeft UIInterfaceOrientationLandscapeRight";
				LD_RUNPATH_SEARCH_PATHS = (
					"$(inherited)",
					"@executable_path/Frameworks",
				);
				MARKETING_VERSION = 1.0;
				PRODUCT_BUNDLE_IDENTIFIER = com.evgeniia.CryptOS;
				PRODUCT_NAME = "$(TARGET_NAME)";
				SWIFT_EMIT_LOC_STRINGS = YES;
				SWIFT_VERSION = 5.0;
				TARGETED_DEVICE_FAMILY = "1,2";
			};
			name = Debug;
		};
		54C524D8287729AB007C4CAB /* Release */ = {
			isa = XCBuildConfiguration;
			buildSettings = {
				ASSETCATALOG_COMPILER_APPICON_NAME = AppIcon;
				ASSETCATALOG_COMPILER_GLOBAL_ACCENT_COLOR_NAME = AccentColor;
				CODE_SIGN_STYLE = Automatic;
				CURRENT_PROJECT_VERSION = 1;
				DEVELOPMENT_ASSET_PATHS = "\"CryptOS/Preview Content\"";
				DEVELOPMENT_TEAM = 3C6AZK257V;
				ENABLE_PREVIEWS = YES;
				GENERATE_INFOPLIST_FILE = YES;
				INFOPLIST_KEY_UIApplicationSceneManifest_Generation = YES;
				INFOPLIST_KEY_UIApplicationSupportsIndirectInputEvents = YES;
				INFOPLIST_KEY_UILaunchScreen_Generation = YES;
				INFOPLIST_KEY_UISupportedInterfaceOrientations_iPad = "UIInterfaceOrientationPortrait UIInterfaceOrientationPortraitUpsideDown UIInterfaceOrientationLandscapeLeft UIInterfaceOrientationLandscapeRight";
				INFOPLIST_KEY_UISupportedInterfaceOrientations_iPhone = "UIInterfaceOrientationPortrait UIInterfaceOrientationLandscapeLeft UIInterfaceOrientationLandscapeRight";
				LD_RUNPATH_SEARCH_PATHS = (
					"$(inherited)",
					"@executable_path/Frameworks",
				);
				MARKETING_VERSION = 1.0;
				PRODUCT_BUNDLE_IDENTIFIER = com.evgeniia.CryptOS;
				PRODUCT_NAME = "$(TARGET_NAME)";
				SWIFT_EMIT_LOC_STRINGS = YES;
				SWIFT_VERSION = 5.0;
				TARGETED_DEVICE_FAMILY = "1,2";
			};
			name = Release;
		};
		54C524DA287729AB007C4CAB /* Debug */ = {
			isa = XCBuildConfiguration;
			buildSettings = {
				ALWAYS_EMBED_SWIFT_STANDARD_LIBRARIES = YES;
				BUNDLE_LOADER = "$(TEST_HOST)";
				CODE_SIGN_STYLE = Automatic;
				CURRENT_PROJECT_VERSION = 1;
				DEVELOPMENT_TEAM = 3C6AZK257V;
				GENERATE_INFOPLIST_FILE = YES;
				IPHONEOS_DEPLOYMENT_TARGET = 15.5;
				MARKETING_VERSION = 1.0;
				PRODUCT_BUNDLE_IDENTIFIER = com.evgeniia.CryptOSTests;
				PRODUCT_NAME = "$(TARGET_NAME)";
				SWIFT_EMIT_LOC_STRINGS = NO;
				SWIFT_VERSION = 5.0;
				TARGETED_DEVICE_FAMILY = "1,2";
				TEST_HOST = "$(BUILT_PRODUCTS_DIR)/CryptOS.app/CryptOS";
			};
			name = Debug;
		};
		54C524DB287729AB007C4CAB /* Release */ = {
			isa = XCBuildConfiguration;
			buildSettings = {
				ALWAYS_EMBED_SWIFT_STANDARD_LIBRARIES = YES;
				BUNDLE_LOADER = "$(TEST_HOST)";
				CODE_SIGN_STYLE = Automatic;
				CURRENT_PROJECT_VERSION = 1;
				DEVELOPMENT_TEAM = 3C6AZK257V;
				GENERATE_INFOPLIST_FILE = YES;
				IPHONEOS_DEPLOYMENT_TARGET = 15.5;
				MARKETING_VERSION = 1.0;
				PRODUCT_BUNDLE_IDENTIFIER = com.evgeniia.CryptOSTests;
				PRODUCT_NAME = "$(TARGET_NAME)";
				SWIFT_EMIT_LOC_STRINGS = NO;
				SWIFT_VERSION = 5.0;
				TARGETED_DEVICE_FAMILY = "1,2";
				TEST_HOST = "$(BUILT_PRODUCTS_DIR)/CryptOS.app/CryptOS";
			};
			name = Release;
		};
		54C524DD287729AB007C4CAB /* Debug */ = {
			isa = XCBuildConfiguration;
			buildSettings = {
				ALWAYS_EMBED_SWIFT_STANDARD_LIBRARIES = YES;
				CODE_SIGN_STYLE = Automatic;
				CURRENT_PROJECT_VERSION = 1;
				DEVELOPMENT_TEAM = 3C6AZK257V;
				GENERATE_INFOPLIST_FILE = YES;
				MARKETING_VERSION = 1.0;
				PRODUCT_BUNDLE_IDENTIFIER = com.evgeniia.CryptOSUITests;
				PRODUCT_NAME = "$(TARGET_NAME)";
				SWIFT_EMIT_LOC_STRINGS = NO;
				SWIFT_VERSION = 5.0;
				TARGETED_DEVICE_FAMILY = "1,2";
				TEST_TARGET_NAME = CryptOS;
			};
			name = Debug;
		};
		54C524DE287729AB007C4CAB /* Release */ = {
			isa = XCBuildConfiguration;
			buildSettings = {
				ALWAYS_EMBED_SWIFT_STANDARD_LIBRARIES = YES;
				CODE_SIGN_STYLE = Automatic;
				CURRENT_PROJECT_VERSION = 1;
				DEVELOPMENT_TEAM = 3C6AZK257V;
				GENERATE_INFOPLIST_FILE = YES;
				MARKETING_VERSION = 1.0;
				PRODUCT_BUNDLE_IDENTIFIER = com.evgeniia.CryptOSUITests;
				PRODUCT_NAME = "$(TARGET_NAME)";
				SWIFT_EMIT_LOC_STRINGS = NO;
				SWIFT_VERSION = 5.0;
				TARGETED_DEVICE_FAMILY = "1,2";
				TEST_TARGET_NAME = CryptOS;
			};
			name = Release;
		};
/* End XCBuildConfiguration section */

/* Begin XCConfigurationList section */
		54C524AD287729A7007C4CAB /* Build configuration list for PBXProject "CryptOS" */ = {
			isa = XCConfigurationList;
			buildConfigurations = (
				54C524D4287729AB007C4CAB /* Debug */,
				54C524D5287729AB007C4CAB /* Release */,
			);
			defaultConfigurationIsVisible = 0;
			defaultConfigurationName = Release;
		};
		54C524D6287729AB007C4CAB /* Build configuration list for PBXNativeTarget "CryptOS" */ = {
			isa = XCConfigurationList;
			buildConfigurations = (
				54C524D7287729AB007C4CAB /* Debug */,
				54C524D8287729AB007C4CAB /* Release */,
			);
			defaultConfigurationIsVisible = 0;
			defaultConfigurationName = Release;
		};
		54C524D9287729AB007C4CAB /* Build configuration list for PBXNativeTarget "CryptOSTests" */ = {
			isa = XCConfigurationList;
			buildConfigurations = (
				54C524DA287729AB007C4CAB /* Debug */,
				54C524DB287729AB007C4CAB /* Release */,
			);
			defaultConfigurationIsVisible = 0;
			defaultConfigurationName = Release;
		};
		54C524DC287729AB007C4CAB /* Build configuration list for PBXNativeTarget "CryptOSUITests" */ = {
			isa = XCConfigurationList;
			buildConfigurations = (
				54C524DD287729AB007C4CAB /* Debug */,
				54C524DE287729AB007C4CAB /* Release */,
			);
			defaultConfigurationIsVisible = 0;
			defaultConfigurationName = Release;
		};
/* End XCConfigurationList section */
	};
	rootObject = 54C524AA287729A7007C4CAB /* Project object */;
}
